Microsoft Visual Studio Solution File, Format Version 12.00
# Visual Studio Version 17
VisualStudioVersion = 17.5.2.0
MinimumVisualStudioVersion = 10.0.40219.1
Project("{FAE04EC0-301F-11D3-BF4B-00C04F79EFBC}") = "HelloGstarCAD", "HelloGstarCAD.csproj", "{131316B0-8C1F-6E83-3BCC-0DDD64D652BC}"
EndProject
Global
	GlobalSection(SolutionConfigurationPlatforms) = preSolution
		Debug|Any CPU = Debug|Any CPU
		Release|Any CPU = Release|Any CPU
	EndGlobalSection
	GlobalSection(ProjectConfigurationPlatforms) = postSolution
		{131316B0-8C1F-6E83-3BCC-0DDD64D652BC}.Debug|Any CPU.ActiveCfg = Debug|Any CPU
		{131316B0-8C1F-6E83-3BCC-0DDD64D652BC}.Debug|Any CPU.Build.0 = Debug|Any CPU
		{131316B0-8C1F-6E83-3BCC-0DDD64D652BC}.Release|Any CPU.ActiveCfg = Release|Any CPU
		{131316B0-8C1F-6E83-3BCC-0DDD64D652BC}.Release|Any CPU.Build.0 = Release|Any CPU
	EndGlobalSection
	GlobalSection(SolutionProperties) = preSolution
		HideSolutionNode = FALSE
	EndGlobalSection
	GlobalSection(ExtensibilityGlobals) = postSolution
		SolutionGuid = {864D404D-E8AB-4C16-AFD5-C235A8AD412E}
	EndGlobalSection
EndGlobal
